// !$*UTF8*$!
{
	archiveVersion = 1;
	classes = {
	};
	objectVersion = 77;
	objects = {

/* Begin PBXBuildFile section */
		07E540C552A088A3DBB6F317 /* merge5.wav in Resources */ = {isa = PBXBuildFile; fileRef = 4A65547C1132E810F5DAB804 /* merge5.wav */; };
		09AE9F3C672F6815408BB7EC /* TutorialOverlay.swift in Sources */ = {isa = PBXBuildFile; fileRef = A84A244D85F634BE5623F4FF /* TutorialOverlay.swift */; };
		0AB09EDA6722E278F0995E60 /* Gravitile.storekit in Resources */ = {isa = PBXBuildFile; fileRef = 07AFA388A975DF746C3A84E3 /* Gravitile.storekit */; };
		12B3FA56002E21A7EF4B1795 /* merge2.wav in Resources */ = {isa = PBXBuildFile; fileRef = 54183085EF203B6659B68285 /* merge2.wav */; };
		1824788065F95A07C77E6AFD /* Assets.xcassets in Resources */ = {isa = PBXBuildFile; fileRef = 2129DFDBBAF07E2C41A723BF /* Assets.xcassets */; };
		29488B54E94805519FBFAAAD /* GravitileKit in Frameworks */ = {isa = PBXBuildFile; productRef = 7424C563A3E0F4B4C00C806C /* GravitileKit */; };
		31293381AF995C005A8EE43D /* AppModel.swift in Sources */ = {isa = PBXBuildFile; fileRef = 2A84B6CA13D019DB7258C622 /* AppModel.swift */; };
		42A7249F0E2C9F040C54A0E9 /* slide.wav in Resources */ = {isa = PBXBuildFile; fileRef = 5EC3651BC4594892DDAAABFE /* slide.wav */; };
		49132101F1D81EFAD5FA3E32 /* merge3.wav in Resources */ = {isa = PBXBuildFile; fileRef = F079EA5A536E2DD9F585C87D /* merge3.wav */; };
		4A8AB28B052308B13139DA6C /* Theme.swift in Sources */ = {isa = PBXBuildFile; fileRef = BDA387808ED5D620D5EC0DF9 /* Theme.swift */; };
		51B29831FF26692BD1195131 /* SoundService.swift in Sources */ = {isa = PBXBuildFile; fileRef = E5E75D7FC53DC6ECE0D9688C /* SoundService.swift */; };
		5381B7FE12C06D9484484FCD /* StatsScreen.swift in Sources */ = {isa = PBXBuildFile; fileRef = 37CBBF66B673FD70834F4B65 /* StatsScreen.swift */; };
		554A2F14BB0DAAD8B69A6A24 /* SettingsScreen.swift in Sources */ = {isa = PBXBuildFile; fileRef = 7A6D41F3ABBA24937F7E8E7E /* SettingsScreen.swift */; };
		593DFAE3F889E6DC7DBB84F0 /* GravitileUITests.swift in Sources */ = {isa = PBXBuildFile; fileRef = B16951E6477320C328C1ED34 /* GravitileUITests.swift */; };
		5A7CD32C93B78296A6FA91D0 /* StoreService.swift in Sources */ = {isa = PBXBuildFile; fileRef = 9680C6D8F8153E6F2576500E /* StoreService.swift */; };
		5B2D7315D75392F48DFF4C92 /* GameScreen.swift in Sources */ = {isa = PBXBuildFile; fileRef = BF40978777AFB66509D68B91 /* GameScreen.swift */; };
		5C5CEB97E56B393F15E1A66A /* HUDView.swift in Sources */ = {isa = PBXBuildFile; fileRef = F484F5EE4F339C8F95392C58 /* HUDView.swift */; };
		5C771ACF8379AB3B56D1D8F4 /* Unbounded-OFL.txt in Resources */ = {isa = PBXBuildFile; fileRef = D6B69F0E760A1AFA51F67DC6 /* Unbounded-OFL.txt */; };
		637606AB76C7550290E774C3 /* DailyScreen.swift in Sources */ = {isa = PBXBuildFile; fileRef = 79AAD23A57F87D744C4F104B /* DailyScreen.swift */; };
		6AA0C08A585D081538C2DF90 /* Gravitile.storekit in Resources */ = {isa = PBXBuildFile; fileRef = 07AFA388A975DF746C3A84E3 /* Gravitile.storekit */; };
		6BA2189E0C17F8860EAAECB6 /* ModeLifecycleTests.swift in Sources */ = {isa = PBXBuildFile; fileRef = 76A7F90B58E4FA4FB359F714 /* ModeLifecycleTests.swift */; };
		70D22CC3C09507B5FD84A54D /* Unbounded.ttf in Resources */ = {isa = PBXBuildFile; fileRef = ED1AC6BE287F5FE429F96E69 /* Unbounded.ttf */; };
		7CABDA1241294A2E79A8263A /* fanfare.wav in Resources */ = {isa = PBXBuildFile; fileRef = BBA685458A62BAB7C0CED357 /* fanfare.wav */; };
		7D9F3AAFE9FFFBD86DC61C35 /* PersistenceService.swift in Sources */ = {isa = PBXBuildFile; fileRef = 7D3C236B91544628708A1928 /* PersistenceService.swift */; };
		84181807B9284A4DA33ED83F /* ParticleBurstView.swift in Sources */ = {isa = PBXBuildFile; fileRef = 35184532B02783D26F1413D3 /* ParticleBurstView.swift */; };
		8A8FA56CE57C58C6B9F045A7 /* PrivacyInfo.xcprivacy in Resources */ = {isa = PBXBuildFile; fileRef = A5705875316B8AC5B1EABF3F /* PrivacyInfo.xcprivacy */; };
		8C0E242EDE84B0722281F1DE /* StreakTests.swift in Sources */ = {isa = PBXBuildFile; fileRef = 4DD9E32F3D56261309546552 /* StreakTests.swift */; };
		9F5E400912545F6479F5EBD0 /* AnimationPlanner.swift in Sources */ = {isa = PBXBuildFile; fileRef = 89433D6D1BE9C1B7ADF81B38 /* AnimationPlanner.swift */; };
		A6D2784CCDE4BF84BCC6BFA9 /* GameViewModel.swift in Sources */ = {isa = PBXBuildFile; fileRef = 18F2CE7D364AC8AF305BDC24 /* GameViewModel.swift */; };
		B638FA3F3BB8DC56C520A5B9 /* GameCenterService.swift in Sources */ = {isa = PBXBuildFile; fileRef = E6D125B2774AF7E398DA3610 /* GameCenterService.swift */; };
		B83996B18768972748CA852B /* merge4.wav in Resources */ = {isa = PBXBuildFile; fileRef = 03973293FFFBD6BB3007497A /* merge4.wav */; };
		B9BFCBA9F141AE267C76207F /* BoardView.swift in Sources */ = {isa = PBXBuildFile; fileRef = 7431D4D021A345983288F612 /* BoardView.swift */; };
		BF014CB6BD964C0B74EE1AAD /* HapticsService.swift in Sources */ = {isa = PBXBuildFile; fileRef = A070AD2BA84FDD1C349F8918 /* HapticsService.swift */; };
		C50D38200F908964B7092CDC /* PersistenceTests.swift in Sources */ = {isa = PBXBuildFile; fileRef = 6588BD0F2BBA03843BE4BA79 /* PersistenceTests.swift */; };
		C83FA83820B6B8AB2FC23B64 /* StoreTests.swift in Sources */ = {isa = PBXBuildFile; fileRef = 590E969DCB31090727B05D1C /* StoreTests.swift */; };
		D1819C9393DEA3F3F19ACEDD /* RootView.swift in Sources */ = {isa = PBXBuildFile; fileRef = 146127D215B2EC3AD6D1B728 /* RootView.swift */; };
		D32DC3E6E8BB58D3EA2C36EA /* StoreConfigurationTests.swift in Sources */ = {isa = PBXBuildFile; fileRef = CD799480E6D14BFF2FE8EA6F /* StoreConfigurationTests.swift */; };
		D3A7D3E19545A0189C7F7820 /* GravitileApp.swift in Sources */ = {isa = PBXBuildFile; fileRef = 93A29F95D9F8E13ADFA8F1E8 /* GravitileApp.swift */; };
		DB26DE239E292FC051B3BF73 /* gameover.wav in Resources */ = {isa = PBXBuildFile; fileRef = 54C6AFF597D99D987D11EBF8 /* gameover.wav */; };
		DF0514D57F2B376E360DE201 /* HomeScreen.swift in Sources */ = {isa = PBXBuildFile; fileRef = 5F09FCFFCFADE4995BF2530E /* HomeScreen.swift */; };
		F4BF5D4578793CECB96A940C /* merge1.wav in Resources */ = {isa = PBXBuildFile; fileRef = 668728F0BF60B0989D17A7F8 /* merge1.wav */; };
		FC01E16CB3B0DEA1CEE6B9CC /* PaywallView.swift in Sources */ = {isa = PBXBuildFile; fileRef = 9AA96A4FE6B2A7105134A92B /* PaywallView.swift */; };
/* End PBXBuildFile section */

/* Begin PBXContainerItemProxy section */
		7CD91F902A52E36925FAB9D2 /* PBXContainerItemProxy */ = {
			isa = PBXContainerItemProxy;
			containerPortal = DE9C05E9125249964F44BE02 /* Project object */;
			proxyType = 1;
			remoteGlobalIDString = CD5BA31D3DB979C3D10ADA57;
			remoteInfo = Gravitile;
		};
		EF93505232526F79C53F6152 /* PBXContainerItemProxy */ = {
			isa = PBXContainerItemProxy;
			containerPortal = DE9C05E9125249964F44BE02 /* Project object */;
			proxyType = 1;
			remoteGlobalIDString = CD5BA31D3DB979C3D10ADA57;
			remoteInfo = Gravitile;
		};
/* End PBXContainerItemProxy section */

/* Begin PBXFileReference section */
		03973293FFFBD6BB3007497A /* merge4.wav */ = {isa = PBXFileReference; lastKnownFileType = audio.wav; path = merge4.wav; sourceTree = "<group>"; };
		07AFA388A975DF746C3A84E3 /* Gravitile.storekit */ = {isa = PBXFileReference; path = Gravitile.storekit; sourceTree = "<group>"; };
		0ABB9B72856FDA31D847447A /* GravitileTests.xctest */ = {isa = PBXFileReference; includeInIndex = 0; lastKnownFileType = wrapper.cfbundle; path = GravitileTests.xctest; sourceTree = BUILT_PRODUCTS_DIR; };
		146127D215B2EC3AD6D1B728 /* RootView.swift */ = {isa = PBXFileReference; lastKnownFileType = sourcecode.swift; path = RootView.swift; sourceTree = "<group>"; };
		18F2CE7D364AC8AF305BDC24 /* GameViewModel.swift */ = {isa = PBXFileReference; lastKnownFileType = sourcecode.swift; path = GameViewModel.swift; sourceTree = "<group>"; };
		1BF2CB1FE02C2163BCBFB241 /* Info.plist */ = {isa = PBXFileReference; lastKnownFileType = text.plist; path = Info.plist; sourceTree = "<group>"; };
		2129DFDBBAF07E2C41A723BF /* Assets.xcassets */ = {isa = PBXFileReference; lastKnownFileType = folder.assetcatalog; path = Assets.xcassets; sourceTree = "<group>"; };
		2A84B6CA13D019DB7258C622 /* AppModel.swift */ = {isa = PBXFileReference; lastKnownFileType = sourcecode.swift; path = AppModel.swift; sourceTree = "<group>"; };
		2D46DC52DCD6BC9E1E21192D /* GravitileKit */ = {isa = PBXFileReference; lastKnownFileType = folder; name = GravitileKit; path = GravitileKit; sourceTree = SOURCE_ROOT; };
		35184532B02783D26F1413D3 /* ParticleBurstView.swift */ = {isa = PBXFileReference; lastKnownFileType = sourcecode.swift; path = ParticleBurstView.swift; sourceTree = "<group>"; };
		37CBBF66B673FD70834F4B65 /* StatsScreen.swift */ = {isa = PBXFileReference; lastKnownFileType = sourcecode.swift; path = StatsScreen.swift; sourceTree = "<group>"; };
		39EF0C5DA84C56EDBB919058 /* Gravitile.app */ = {isa = PBXFileReference; includeInIndex = 0; lastKnownFileType = wrapper.application; path = Gravitile.app; sourceTree = BUILT_PRODUCTS_DIR; };
		4A65547C1132E810F5DAB804 /* merge5.wav */ = {isa = PBXFileReference; lastKnownFileType = audio.wav; path = merge5.wav; sourceTree = "<group>"; };
		4DD9E32F3D56261309546552 /* StreakTests.swift */ = {isa = PBXFileReference; lastKnownFileType = sourcecode.swift; path = StreakTests.swift; sourceTree = "<group>"; };
		54183085EF203B6659B68285 /* merge2.wav */ = {isa = PBXFileReference; lastKnownFileType = audio.wav; path = merge2.wav; sourceTree = "<group>"; };
		54C6AFF597D99D987D11EBF8 /* gameover.wav */ = {isa = PBXFileReference; lastKnownFileType = audio.wav; path = gameover.wav; sourceTree = "<group>"; };
		590E969DCB31090727B05D1C /* StoreTests.swift */ = {isa = PBXFileReference; lastKnownFileType = sourcecode.swift; path = StoreTests.swift; sourceTree = "<group>"; };
		5ACD0EE04279D7BBC52F89D4 /* Gravitile.entitlements */ = {isa = PBXFileReference; lastKnownFileType = text.plist.entitlements; path = Gravitile.entitlements; sourceTree = "<group>"; };
		5EC3651BC4594892DDAAABFE /* slide.wav */ = {isa = PBXFileReference; lastKnownFileType = audio.wav; path = slide.wav; sourceTree = "<group>"; };
		5F09FCFFCFADE4995BF2530E /* HomeScreen.swift */ = {isa = PBXFileReference; lastKnownFileType = sourcecode.swift; path = HomeScreen.swift; sourceTree = "<group>"; };
		6588BD0F2BBA03843BE4BA79 /* PersistenceTests.swift */ = {isa = PBXFileReference; lastKnownFileType = sourcecode.swift; path = PersistenceTests.swift; sourceTree = "<group>"; };
		668728F0BF60B0989D17A7F8 /* merge1.wav */ = {isa = PBXFileReference; lastKnownFileType = audio.wav; path = merge1.wav; sourceTree = "<group>"; };
		7431D4D021A345983288F612 /* BoardView.swift */ = {isa = PBXFileReference; lastKnownFileType = sourcecode.swift; path = BoardView.swift; sourceTree = "<group>"; };
		76A7F90B58E4FA4FB359F714 /* ModeLifecycleTests.swift */ = {isa = PBXFileReference; lastKnownFileType = sourcecode.swift; path = ModeLifecycleTests.swift; sourceTree = "<group>"; };
		79AAD23A57F87D744C4F104B /* DailyScreen.swift */ = {isa = PBXFileReference; lastKnownFileType = sourcecode.swift; path = DailyScreen.swift; sourceTree = "<group>"; };
		7A6D41F3ABBA24937F7E8E7E /* SettingsScreen.swift */ = {isa = PBXFileReference; lastKnownFileType = sourcecode.swift; path = SettingsScreen.swift; sourceTree = "<group>"; };
		7D3C236B91544628708A1928 /* PersistenceService.swift */ = {isa = PBXFileReference; lastKnownFileType = sourcecode.swift; path = PersistenceService.swift; sourceTree = "<group>"; };
		89433D6D1BE9C1B7ADF81B38 /* AnimationPlanner.swift */ = {isa = PBXFileReference; lastKnownFileType = sourcecode.swift; path = AnimationPlanner.swift; sourceTree = "<group>"; };
		93A29F95D9F8E13ADFA8F1E8 /* GravitileApp.swift */ = {isa = PBXFileReference; lastKnownFileType = sourcecode.swift; path = GravitileApp.swift; sourceTree = "<group>"; };
		9680C6D8F8153E6F2576500E /* StoreService.swift */ = {isa = PBXFileReference; lastKnownFileType = sourcecode.swift; path = StoreService.swift; sourceTree = "<group>"; };
		9AA96A4FE6B2A7105134A92B /* PaywallView.swift */ = {isa = PBXFileReference; lastKnownFileType = sourcecode.swift; path = PaywallView.swift; sourceTree = "<group>"; };
		A070AD2BA84FDD1C349F8918 /* HapticsService.swift */ = {isa = PBXFileReference; lastKnownFileType = sourcecode.swift; path = HapticsService.swift; sourceTree = "<group>"; };
		A5705875316B8AC5B1EABF3F /* PrivacyInfo.xcprivacy */ = {isa = PBXFileReference; path = PrivacyInfo.xcprivacy; sourceTree = "<group>"; };
		A84A244D85F634BE5623F4FF /* TutorialOverlay.swift */ = {isa = PBXFileReference; lastKnownFileType = sourcecode.swift; path = TutorialOverlay.swift; sourceTree = "<group>"; };
		B16951E6477320C328C1ED34 /* GravitileUITests.swift */ = {isa = PBXFileReference; lastKnownFileType = sourcecode.swift; path = GravitileUITests.swift; sourceTree = "<group>"; };
		BBA685458A62BAB7C0CED357 /* fanfare.wav */ = {isa = PBXFileReference; lastKnownFileType = audio.wav; path = fanfare.wav; sourceTree = "<group>"; };
		BDA387808ED5D620D5EC0DF9 /* Theme.swift */ = {isa = PBXFileReference; lastKnownFileType = sourcecode.swift; path = Theme.swift; sourceTree = "<group>"; };
		BF40978777AFB66509D68B91 /* GameScreen.swift */ = {isa = PBXFileReference; lastKnownFileType = sourcecode.swift; path = GameScreen.swift; sourceTree = "<group>"; };
		C47D0C813A0CB8F38AC6CCF4 /* GravitileUITests.xctest */ = {isa = PBXFileReference; includeInIndex = 0; lastKnownFileType = wrapper.cfbundle; path = GravitileUITests.xctest; sourceTree = BUILT_PRODUCTS_DIR; };
		CD799480E6D14BFF2FE8EA6F /* StoreConfigurationTests.swift */ = {isa = PBXFileReference; lastKnownFileType = sourcecode.swift; path = StoreConfigurationTests.swift; sourceTree = "<group>"; };
		D6B69F0E760A1AFA51F67DC6 /* Unbounded-OFL.txt */ = {isa = PBXFileReference; lastKnownFileType = text; path = "Unbounded-OFL.txt"; sourceTree = "<group>"; };
		E5E75D7FC53DC6ECE0D9688C /* SoundService.swift */ = {isa = PBXFileReference; lastKnownFileType = sourcecode.swift; path = SoundService.swift; sourceTree = "<group>"; };
		E6D125B2774AF7E398DA3610 /* GameCenterService.swift */ = {isa = PBXFileReference; lastKnownFileType = sourcecode.swift; path = GameCenterService.swift; sourceTree = "<group>"; };
		ED1AC6BE287F5FE429F96E69 /* Unbounded.ttf */ = {isa = PBXFileReference; lastKnownFileType = file; path = Unbounded.ttf; sourceTree = "<group>"; };
		F079EA5A536E2DD9F585C87D /* merge3.wav */ = {isa = PBXFileReference; lastKnownFileType = audio.wav; path = merge3.wav; sourceTree = "<group>"; };
		F484F5EE4F339C8F95392C58 /* HUDView.swift */ = {isa = PBXFileReference; lastKnownFileType = sourcecode.swift; path = HUDView.swift; sourceTree = "<group>"; };
/* End PBXFileReference section */

/* Begin PBXFrameworksBuildPhase section */
		ED86E92A32326980BF893299 /* Frameworks */ = {
			isa = PBXFrameworksBuildPhase;
			buildActionMask = 2147483647;
			files = (
				29488B54E94805519FBFAAAD /* GravitileKit in Frameworks */,
			);
			runOnlyForDeploymentPostprocessing = 0;
		};
/* End PBXFrameworksBuildPhase section */

/* Begin PBXGroup section */
		065B64DEA16EF544BD687128 /* Store */ = {
			isa = PBXGroup;
			children = (
				9AA96A4FE6B2A7105134A92B /* PaywallView.swift */,
				9680C6D8F8153E6F2576500E /* StoreService.swift */,
			);
			path = Store;
			sourceTree = "<group>";
		};
		07CEDB37BA705A20DC140D5C /* Stats */ = {
			isa = PBXGroup;
			children = (
				37CBBF66B673FD70834F4B65 /* StatsScreen.swift */,
			);
			path = Stats;
			sourceTree = "<group>";
		};
		0AF4C71AC9422B8AA08B09A3 /* Fonts */ = {
			isa = PBXGroup;
			children = (
				D6B69F0E760A1AFA51F67DC6 /* Unbounded-OFL.txt */,
				ED1AC6BE287F5FE429F96E69 /* Unbounded.ttf */,
			);
			path = Fonts;
			sourceTree = "<group>";
		};
		0DFABA1042562A37AA0F760E /* Resources */ = {
			isa = PBXGroup;
			children = (
				2129DFDBBAF07E2C41A723BF /* Assets.xcassets */,
				A5705875316B8AC5B1EABF3F /* PrivacyInfo.xcprivacy */,
				0AF4C71AC9422B8AA08B09A3 /* Fonts */,
				D6CA42D0D53CB008708291D9 /* Sounds */,
			);
			path = Resources;
			sourceTree = "<group>";
		};
		12FF2A47216CA99101390C6D /* App */ = {
			isa = PBXGroup;
			children = (
				2A84B6CA13D019DB7258C622 /* AppModel.swift */,
				93A29F95D9F8E13ADFA8F1E8 /* GravitileApp.swift */,
				5F09FCFFCFADE4995BF2530E /* HomeScreen.swift */,
				146127D215B2EC3AD6D1B728 /* RootView.swift */,
				7A6D41F3ABBA24937F7E8E7E /* SettingsScreen.swift */,
				BDA387808ED5D620D5EC0DF9 /* Theme.swift */,
			);
			path = App;
			sourceTree = "<group>";
		};
		32D0BD58083C00399ECBB0EB /* GravitileTests */ = {
			isa = PBXGroup;
			children = (
				76A7F90B58E4FA4FB359F714 /* ModeLifecycleTests.swift */,
				6588BD0F2BBA03843BE4BA79 /* PersistenceTests.swift */,
				CD799480E6D14BFF2FE8EA6F /* StoreConfigurationTests.swift */,
				590E969DCB31090727B05D1C /* StoreTests.swift */,
				4DD9E32F3D56261309546552 /* StreakTests.swift */,
			);
			path = GravitileTests;
			sourceTree = "<group>";
		};
		39A9DF6096F01B5CF3BAA36C /* Daily */ = {
			isa = PBXGroup;
			children = (
				79AAD23A57F87D744C4F104B /* DailyScreen.swift */,
			);
			path = Daily;
			sourceTree = "<group>";
		};
		4E93D7CED224530F932524D9 /* Game */ = {
			isa = PBXGroup;
			children = (
				89433D6D1BE9C1B7ADF81B38 /* AnimationPlanner.swift */,
				7431D4D021A345983288F612 /* BoardView.swift */,
				BF40978777AFB66509D68B91 /* GameScreen.swift */,
				18F2CE7D364AC8AF305BDC24 /* GameViewModel.swift */,
				F484F5EE4F339C8F95392C58 /* HUDView.swift */,
				35184532B02783D26F1413D3 /* ParticleBurstView.swift */,
				A84A244D85F634BE5623F4FF /* TutorialOverlay.swift */,
			);
			path = Game;
			sourceTree = "<group>";
		};
		60B70AA711C5FCD0DA02BB05 = {
			isa = PBXGroup;
			children = (
				F220C043258D366A32FC5E02 /* Gravitile */,
				32D0BD58083C00399ECBB0EB /* GravitileTests */,
				E70D8C2269DD7FF253D1340C /* GravitileUITests */,
				6CAACA2D5C184F7526791237 /* Packages */,
				CF5D1DF44D19B9D3411F760B /* Products */,
			);
			sourceTree = "<group>";
		};
		6CAACA2D5C184F7526791237 /* Packages */ = {
			isa = PBXGroup;
			children = (
				2D46DC52DCD6BC9E1E21192D /* GravitileKit */,
			);
			name = Packages;
			sourceTree = "<group>";
		};
		C8CCE7E530C2D879D95D1A9E /* Services */ = {
			isa = PBXGroup;
			children = (
				E6D125B2774AF7E398DA3610 /* GameCenterService.swift */,
				A070AD2BA84FDD1C349F8918 /* HapticsService.swift */,
				7D3C236B91544628708A1928 /* PersistenceService.swift */,
				E5E75D7FC53DC6ECE0D9688C /* SoundService.swift */,
			);
			path = Services;
			sourceTree = "<group>";
		};
		CF5D1DF44D19B9D3411F760B /* Products */ = {
			isa = PBXGroup;
			children = (
				39EF0C5DA84C56EDBB919058 /* Gravitile.app */,
				0ABB9B72856FDA31D847447A /* GravitileTests.xctest */,
				C47D0C813A0CB8F38AC6CCF4 /* GravitileUITests.xctest */,
			);
			name = Products;
			sourceTree = "<group>";
		};
		D6CA42D0D53CB008708291D9 /* Sounds */ = {
			isa = PBXGroup;
			children = (
				BBA685458A62BAB7C0CED357 /* fanfare.wav */,
				54C6AFF597D99D987D11EBF8 /* gameover.wav */,
				668728F0BF60B0989D17A7F8 /* merge1.wav */,
				54183085EF203B6659B68285 /* merge2.wav */,
				F079EA5A536E2DD9F585C87D /* merge3.wav */,
				03973293FFFBD6BB3007497A /* merge4.wav */,
				4A65547C1132E810F5DAB804 /* merge5.wav */,
				5EC3651BC4594892DDAAABFE /* slide.wav */,
			);
			path = Sounds;
			sourceTree = "<group>";
		};
		E70D8C2269DD7FF253D1340C /* GravitileUITests */ = {
			isa = PBXGroup;
			children = (
				B16951E6477320C328C1ED34 /* GravitileUITests.swift */,
			);
			path = GravitileUITests;
			sourceTree = "<group>";
		};
		F220C043258D366A32FC5E02 /* Gravitile */ = {
			isa = PBXGroup;
			children = (
				5ACD0EE04279D7BBC52F89D4 /* Gravitile.entitlements */,
				07AFA388A975DF746C3A84E3 /* Gravitile.storekit */,
				1BF2CB1FE02C2163BCBFB241 /* Info.plist */,
				12FF2A47216CA99101390C6D /* App */,
				39A9DF6096F01B5CF3BAA36C /* Daily */,
				4E93D7CED224530F932524D9 /* Game */,
				0DFABA1042562A37AA0F760E /* Resources */,
				C8CCE7E530C2D879D95D1A9E /* Services */,
				07CEDB37BA705A20DC140D5C /* Stats */,
				065B64DEA16EF544BD687128 /* Store */,
			);
			path = Gravitile;
			sourceTree = "<group>";
		};
/* End PBXGroup section */

/* Begin PBXNativeTarget section */
		84839E5226DF9EA76810EF80 /* GravitileUITests */ = {
			isa = PBXNativeTarget;
			buildConfigurationList = 03BBC56BB46EBA1ED6602B48 /* Build configuration list for PBXNativeTarget "GravitileUITests" */;
			buildPhases = (
				E3B227517F1002BB5FA86208 /* Sources */,
			);
			buildRules = (
			);
			dependencies = (
				5EE58A438372C3DBD8CC94A8 /* PBXTargetDependency */,
			);
			name = GravitileUITests;
			packageProductDependencies = (
			);
			productName = GravitileUITests;
			productReference = C47D0C813A0CB8F38AC6CCF4 /* GravitileUITests.xctest */;
			productType = "com.apple.product-type.bundle.ui-testing";
		};
		B041684F7581D88D4B7906BF /* GravitileTests */ = {
			isa = PBXNativeTarget;
			buildConfigurationList = 1D259454CC40A20A158F964C /* Build configuration list for PBXNativeTarget "GravitileTests" */;
			buildPhases = (
				43BEAC5820AB68C9FC9689D6 /* Sources */,
				36296553E58F4FBB205D030F /* Resources */,
			);
			buildRules = (
			);
			dependencies = (
				7BF6555B1B4F8DCF24670847 /* PBXTargetDependency */,
			);
			name = GravitileTests;
			packageProductDependencies = (
			);
			productName = GravitileTests;
			productReference = 0ABB9B72856FDA31D847447A /* GravitileTests.xctest */;
			productType = "com.apple.product-type.bundle.unit-test";
		};
		CD5BA31D3DB979C3D10ADA57 /* Gravitile */ = {
			isa = PBXNativeTarget;
			buildConfigurationList = 56BFFC886FB76845562504E4 /* Build configuration list for PBXNativeTarget "Gravitile" */;
			buildPhases = (
				7B73237495B21C085F073149 /* Sources */,
				DA575D280E5539B59E5455B1 /* Resources */,
				ED86E92A32326980BF893299 /* Frameworks */,
			);
			buildRules = (
			);
			dependencies = (
			);
			name = Gravitile;
			packageProductDependencies = (
				7424C563A3E0F4B4C00C806C /* GravitileKit */,
			);
			productName = Gravitile;
			productReference = 39EF0C5DA84C56EDBB919058 /* Gravitile.app */;
			productType = "com.apple.product-type.application";
		};
/* End PBXNativeTarget section */

/* Begin PBXProject section */
		DE9C05E9125249964F44BE02 /* Project object */ = {
			isa = PBXProject;
			attributes = {
				BuildIndependentTargetsInParallel = YES;
				LastUpgradeCheck = 1430;
				TargetAttributes = {
					84839E5226DF9EA76810EF80 = {
						TestTargetID = CD5BA31D3DB979C3D10ADA57;
					};
				};
			};
			buildConfigurationList = C2CA72FE6C1FFC1F167736C9 /* Build configuration list for PBXProject "Gravitile" */;
			compatibilityVersion = "Xcode 14.0";
			developmentRegion = en;
			hasScannedForEncodings = 0;
			knownRegions = (
				Base,
				en,
			);
			mainGroup = 60B70AA711C5FCD0DA02BB05;
			minimizedProjectReferenceProxies = 1;
			packageReferences = (
				8FEB1F4A183EBC1454147092 /* XCLocalSwiftPackageReference "GravitileKit" */,
			);
			preferredProjectObjectVersion = 77;
			projectDirPath = "";
			projectRoot = "";
			targets = (
				CD5BA31D3DB979C3D10ADA57 /* Gravitile */,
				B041684F7581D88D4B7906BF /* GravitileTests */,
				84839E5226DF9EA76810EF80 /* GravitileUITests */,
			);
		};
/* End PBXProject section */

/* Begin PBXResourcesBuildPhase section */
		36296553E58F4FBB205D030F /* Resources */ = {
			isa = PBXResourcesBuildPhase;
			buildActionMask = 2147483647;
			files = (
				6AA0C08A585D081538C2DF90 /* Gravitile.storekit in Resources */,
			);
			runOnlyForDeploymentPostprocessing = 0;
		};
		DA575D280E5539B59E5455B1 /* Resources */ = {
			isa = PBXResourcesBuildPhase;
			buildActionMask = 2147483647;
			files = (
				1824788065F95A07C77E6AFD /* Assets.xcassets in Resources */,
				0AB09EDA6722E278F0995E60 /* Gravitile.storekit in Resources */,
				8A8FA56CE57C58C6B9F045A7 /* PrivacyInfo.xcprivacy in Resources */,
				5C771ACF8379AB3B56D1D8F4 /* Unbounded-OFL.txt in Resources */,
				70D22CC3C09507B5FD84A54D /* Unbounded.ttf in Resources */,
				7CABDA1241294A2E79A8263A /* fanfare.wav in Resources */,
				DB26DE239E292FC051B3BF73 /* gameover.wav in Resources */,
				F4BF5D4578793CECB96A940C /* merge1.wav in Resources */,
				12B3FA56002E21A7EF4B1795 /* merge2.wav in Resources */,
				49132101F1D81EFAD5FA3E32 /* merge3.wav in Resources */,
				B83996B18768972748CA852B /* merge4.wav in Resources */,
				07E540C552A088A3DBB6F317 /* merge5.wav in Resources */,
				42A7249F0E2C9F040C54A0E9 /* slide.wav in Resources */,
			);
			runOnlyForDeploymentPostprocessing = 0;
		};
/* End PBXResourcesBuildPhase section */

/* Begin PBXSourcesBuildPhase section */
		43BEAC5820AB68C9FC9689D6 /* Sources */ = {
			isa = PBXSourcesBuildPhase;
			buildActionMask = 2147483647;
			files = (
				6BA2189E0C17F8860EAAECB6 /* ModeLifecycleTests.swift in Sources */,
				C50D38200F908964B7092CDC /* PersistenceTests.swift in Sources */,
				D32DC3E6E8BB58D3EA2C36EA /* StoreConfigurationTests.swift in Sources */,
				C83FA83820B6B8AB2FC23B64 /* StoreTests.swift in Sources */,
				8C0E242EDE84B0722281F1DE /* StreakTests.swift in Sources */,
			);
			runOnlyForDeploymentPostprocessing = 0;
		};
		7B73237495B21C085F073149 /* Sources */ = {
			isa = PBXSourcesBuildPhase;
			buildActionMask = 2147483647;
			files = (
				9F5E400912545F6479F5EBD0 /* AnimationPlanner.swift in Sources */,
				31293381AF995C005A8EE43D /* AppModel.swift in Sources */,
				B9BFCBA9F141AE267C76207F /* BoardView.swift in Sources */,
				637606AB76C7550290E774C3 /* DailyScreen.swift in Sources */,
				B638FA3F3BB8DC56C520A5B9 /* GameCenterService.swift in Sources */,
				5B2D7315D75392F48DFF4C92 /* GameScreen.swift in Sources */,
				A6D2784CCDE4BF84BCC6BFA9 /* GameViewModel.swift in Sources */,
				D3A7D3E19545A0189C7F7820 /* GravitileApp.swift in Sources */,
				5C5CEB97E56B393F15E1A66A /* HUDView.swift in Sources */,
				BF014CB6BD964C0B74EE1AAD /* HapticsService.swift in Sources */,
				DF0514D57F2B376E360DE201 /* HomeScreen.swift in Sources */,
				84181807B9284A4DA33ED83F /* ParticleBurstView.swift in Sources */,
				FC01E16CB3B0DEA1CEE6B9CC /* PaywallView.swift in Sources */,
				7D9F3AAFE9FFFBD86DC61C35 /* PersistenceService.swift in Sources */,
				D1819C9393DEA3F3F19ACEDD /* RootView.swift in Sources */,
				554A2F14BB0DAAD8B69A6A24 /* SettingsScreen.swift in Sources */,
				51B29831FF26692BD1195131 /* SoundService.swift in Sources */,
				5381B7FE12C06D9484484FCD /* StatsScreen.swift in Sources */,
				5A7CD32C93B78296A6FA91D0 /* StoreService.swift in Sources */,
				4A8AB28B052308B13139DA6C /* Theme.swift in Sources */,
				09AE9F3C672F6815408BB7EC /* TutorialOverlay.swift in Sources */,
			);
			runOnlyForDeploymentPostprocessing = 0;
		};
		E3B227517F1002BB5FA86208 /* Sources */ = {
			isa = PBXSourcesBuildPhase;
			buildActionMask = 2147483647;
			files = (
				593DFAE3F889E6DC7DBB84F0 /* GravitileUITests.swift in Sources */,
			);
			runOnlyForDeploymentPostprocessing = 0;
		};
/* End PBXSourcesBuildPhase section */

/* Begin PBXTargetDependency section */
		5EE58A438372C3DBD8CC94A8 /* PBXTargetDependency */ = {
			isa = PBXTargetDependency;
			target = CD5BA31D3DB979C3D10ADA57 /* Gravitile */;
			targetProxy = 7CD91F902A52E36925FAB9D2 /* PBXContainerItemProxy */;
		};
		7BF6555B1B4F8DCF24670847 /* PBXTargetDependency */ = {
			isa = PBXTargetDependency;
			target = CD5BA31D3DB979C3D10ADA57 /* Gravitile */;
			targetProxy = EF93505232526F79C53F6152 /* PBXContainerItemProxy */;
		};
/* End PBXTargetDependency section */

/* Begin XCBuildConfiguration section */
		0BF86502F04F7010A3D18243 /* Debug */ = {
			isa = XCBuildConfiguration;
			buildSettings = {
				ALWAYS_SEARCH_USER_PATHS = NO;
				CLANG_ANALYZER_NONNULL = YES;
				CLANG_ANALYZER_NUMBER_OBJECT_CONVERSION = YES_AGGRESSIVE;
				CLANG_CXX_LANGUAGE_STANDARD = "gnu++14";
				CLANG_CXX_LIBRARY = "libc++";
				CLANG_ENABLE_MODULES = YES;
				CLANG_ENABLE_OBJC_ARC = YES;
				CLANG_ENABLE_OBJC_WEAK = YES;
				CLANG_WARN_BLOCK_CAPTURE_AUTORELEASING = YES;
				CLANG_WARN_BOOL_CONVERSION = YES;
				CLANG_WARN_COMMA = YES;
				CLANG_WARN_CONSTANT_CONVERSION = YES;
				CLANG_WARN_DEPRECATED_OBJC_IMPLEMENTATIONS = YES;
				CLANG_WARN_DIRECT_OBJC_ISA_USAGE = YES_ERROR;
				CLANG_WARN_DOCUMENTATION_COMMENTS = YES;
				CLANG_WARN_EMPTY_BODY = YES;
				CLANG_WARN_ENUM_CONVERSION = YES;
				CLANG_WARN_INFINITE_RECURSION = YES;
				CLANG_WARN_INT_CONVERSION = YES;
				CLANG_WARN_NON_LITERAL_NULL_CONVERSION = YES;
				CLANG_WARN_OBJC_IMPLICIT_RETAIN_SELF = YES;
				CLANG_WARN_OBJC_LITERAL_CONVERSION = YES;
				CLANG_WARN_OBJC_ROOT_CLASS = YES_ERROR;
				CLANG_WARN_QUOTED_INCLUDE_IN_FRAMEWORK_HEADER = YES;
				CLANG_WARN_RANGE_LOOP_ANALYSIS = YES;
				CLANG_WARN_STRICT_PROTOTYPES = YES;
				CLANG_WARN_SUSPICIOUS_MOVE = YES;
				CLANG_WARN_UNGUARDED_AVAILABILITY = YES_AGGRESSIVE;
				CLANG_WARN_UNREACHABLE_CODE = YES;
				CLANG_WARN__DUPLICATE_METHOD_MATCH = YES;
				COPY_PHASE_STRIP = NO;
				CURRENT_PROJECT_VERSION = 8;
				DEBUG_INFORMATION_FORMAT = dwarf;
				ENABLE_STRICT_OBJC_MSGSEND = YES;
				ENABLE_TESTABILITY = YES;
				GCC_C_LANGUAGE_STANDARD = gnu11;
				GCC_DYNAMIC_NO_PIC = NO;
				GCC_NO_COMMON_BLOCKS = YES;
				GCC_OPTIMIZATION_LEVEL = 0;
				GCC_PREPROCESSOR_DEFINITIONS = (
					"$(inherited)",
					"DEBUG=1",
				);
				GCC_WARN_64_TO_32_BIT_CONVERSION = YES;
				GCC_WARN_ABOUT_RETURN_TYPE = YES_ERROR;
				GCC_WARN_UNDECLARED_SELECTOR = YES;
				GCC_WARN_UNINITIALIZED_AUTOS = YES_AGGRESSIVE;
				GCC_WARN_UNUSED_FUNCTION = YES;
				GCC_WARN_UNUSED_VARIABLE = YES;
				IPHONEOS_DEPLOYMENT_TARGET = 17.0;
				MARKETING_VERSION = 1.0;
				MTL_ENABLE_DEBUG_INFO = INCLUDE_SOURCE;
				MTL_FAST_MATH = YES;
				ONLY_ACTIVE_ARCH = YES;
				PRODUCT_NAME = "$(TARGET_NAME)";
				SDKROOT = iphoneos;
				SWIFT_ACTIVE_COMPILATION_CONDITIONS = DEBUG;
				SWIFT_OPTIMIZATION_LEVEL = "-Onone";
				SWIFT_VERSION = 6.0;
			};
			name = Debug;
		};
		15AA5AA110163218C935C0E2 /* Release */ = {
			isa = XCBuildConfiguration;
			buildSettings = {
				ASSETCATALOG_COMPILER_APPICON_NAME = AppIcon;
				ASSETCATALOG_COMPILER_GLOBAL_ACCENT_COLOR_NAME = AccentColor;
				CODE_SIGN_ENTITLEMENTS = Gravitile/Gravitile.entitlements;
				CODE_SIGN_IDENTITY = "iPhone Developer";
				INFOPLIST_FILE = Gravitile/Info.plist;
				LD_RUNPATH_SEARCH_PATHS = (
					"$(inherited)",
					"@executable_path/Frameworks",
				);
				PRODUCT_BUNDLE_IDENTIFIER = com.flutterly.gravitile;
				SDKROOT = iphoneos;
				TARGETED_DEVICE_FAMILY = "1,2";
			};
			name = Release;
		};
		44F6DDE02173B775232A07D4 /* Debug */ = {
			isa = XCBuildConfiguration;
			buildSettings = {
				BUNDLE_LOADER = "$(TEST_HOST)";
				GENERATE_INFOPLIST_FILE = YES;
				LD_RUNPATH_SEARCH_PATHS = (
					"$(inherited)",
					"@executable_path/Frameworks",
					"@loader_path/Frameworks",
				);
				PRODUCT_BUNDLE_IDENTIFIER = com.flutterly.GravitileUITests;
				SDKROOT = iphoneos;
				TARGETED_DEVICE_FAMILY = "1,2";
				TEST_TARGET_NAME = Gravitile;
			};
			name = Debug;
		};
		50E4EF9F2E46E56683DFEE2B /* Debug */ = {
			isa = XCBuildConfiguration;
			buildSettings = {
				BUNDLE_LOADER = "$(TEST_HOST)";
				GENERATE_INFOPLIST_FILE = YES;
				LD_RUNPATH_SEARCH_PATHS = (
					"$(inherited)",
					"@executable_path/Frameworks",
					"@loader_path/Frameworks",
				);
				PRODUCT_BUNDLE_IDENTIFIER = com.flutterly.GravitileTests;
				SDKROOT = iphoneos;
				TARGETED_DEVICE_FAMILY = "1,2";
				TEST_HOST = "$(BUILT_PRODUCTS_DIR)/Gravitile.app/$(BUNDLE_EXECUTABLE_FOLDER_PATH)/Gravitile";
			};
			name = Debug;
		};
		7E0C5202B80539C1488E1603 /* Debug */ = {
			isa = XCBuildConfiguration;
			buildSettings = {
				ASSETCATALOG_COMPILER_APPICON_NAME = AppIcon;
				ASSETCATALOG_COMPILER_GLOBAL_ACCENT_COLOR_NAME = AccentColor;
				CODE_SIGN_ENTITLEMENTS = Gravitile/Gravitile.entitlements;
				CODE_SIGN_IDENTITY = "iPhone Developer";
				INFOPLIST_FILE = Gravitile/Info.plist;
				LD_RUNPATH_SEARCH_PATHS = (
					"$(inherited)",
					"@executable_path/Frameworks",
				);
				PRODUCT_BUNDLE_IDENTIFIER = com.flutterly.gravitile;
				SDKROOT = iphoneos;
				TARGETED_DEVICE_FAMILY = "1,2";
			};
			name = Debug;
		};
		A9846238EE357880B0FD0872 /* Release */ = {
			isa = XCBuildConfiguration;
			buildSettings = {
				BUNDLE_LOADER = "$(TEST_HOST)";
				GENERATE_INFOPLIST_FILE = YES;
				LD_RUNPATH_SEARCH_PATHS = (
					"$(inherited)",
					"@executable_path/Frameworks",
					"@loader_path/Frameworks",
				);
				PRODUCT_BUNDLE_IDENTIFIER = com.flutterly.GravitileTests;
				SDKROOT = iphoneos;
				TARGETED_DEVICE_FAMILY = "1,2";
				TEST_HOST = "$(BUILT_PRODUCTS_DIR)/Gravitile.app/$(BUNDLE_EXECUTABLE_FOLDER_PATH)/Gravitile";
			};
			name = Release;
		};
		BFAF9A7E4B7A7B227092AF1F /* Release */ = {
			isa = XCBuildConfiguration;
			buildSettings = {
				BUNDLE_LOADER = "$(TEST_HOST)";
				GENERATE_INFOPLIST_FILE = YES;
				LD_RUNPATH_SEARCH_PATHS = (
					"$(inherited)",
					"@executable_path/Frameworks",
					"@loader_path/Frameworks",
				);
				PRODUCT_BUNDLE_IDENTIFIER = com.flutterly.GravitileUITests;
				SDKROOT = iphoneos;
				TARGETED_DEVICE_FAMILY = "1,2";
				TEST_TARGET_NAME = Gravitile;
			};
			name = Release;
		};
		E840173B6288B435866D0047 /* Release */ = {
			isa = XCBuildConfiguration;
			buildSettings = {
				ALWAYS_SEARCH_USER_PATHS = NO;
				CLANG_ANALYZER_NONNULL = YES;
				CLANG_ANALYZER_NUMBER_OBJECT_CONVERSION = YES_AGGRESSIVE;
				CLANG_CXX_LANGUAGE_STANDARD = "gnu++14";
				CLANG_CXX_LIBRARY = "libc++";
				CLANG_ENABLE_MODULES = YES;
				CLANG_ENABLE_OBJC_ARC = YES;
				CLANG_ENABLE_OBJC_WEAK = YES;
				CLANG_WARN_BLOCK_CAPTURE_AUTORELEASING = YES;
				CLANG_WARN_BOOL_CONVERSION = YES;
				CLANG_WARN_COMMA = YES;
				CLANG_WARN_CONSTANT_CONVERSION = YES;
				CLANG_WARN_DEPRECATED_OBJC_IMPLEMENTATIONS = YES;
				CLANG_WARN_DIRECT_OBJC_ISA_USAGE = YES_ERROR;
				CLANG_WARN_DOCUMENTATION_COMMENTS = YES;
				CLANG_WARN_EMPTY_BODY = YES;
				CLANG_WARN_ENUM_CONVERSION = YES;
				CLANG_WARN_INFINITE_RECURSION = YES;
				CLANG_WARN_INT_CONVERSION = YES;
				CLANG_WARN_NON_LITERAL_NULL_CONVERSION = YES;
				CLANG_WARN_OBJC_IMPLICIT_RETAIN_SELF = YES;
				CLANG_WARN_OBJC_LITERAL_CONVERSION = YES;
				CLANG_WARN_OBJC_ROOT_CLASS = YES_ERROR;
				CLANG_WARN_QUOTED_INCLUDE_IN_FRAMEWORK_HEADER = YES;
				CLANG_WARN_RANGE_LOOP_ANALYSIS = YES;
				CLANG_WARN_STRICT_PROTOTYPES = YES;
				CLANG_WARN_SUSPICIOUS_MOVE = YES;
				CLANG_WARN_UNGUARDED_AVAILABILITY = YES_AGGRESSIVE;
				CLANG_WARN_UNREACHABLE_CODE = YES;
				CLANG_WARN__DUPLICATE_METHOD_MATCH = YES;
				COPY_PHASE_STRIP = NO;
				CURRENT_PROJECT_VERSION = 8;
				DEBUG_INFORMATION_FORMAT = "dwarf-with-dsym";
				ENABLE_NS_ASSERTIONS = NO;
				ENABLE_STRICT_OBJC_MSGSEND = YES;
				GCC_C_LANGUAGE_STANDARD = gnu11;
				GCC_NO_COMMON_BLOCKS = YES;
				GCC_WARN_64_TO_32_BIT_CONVERSION = YES;
				GCC_WARN_ABOUT_RETURN_TYPE = YES_ERROR;
				GCC_WARN_UNDECLARED_SELECTOR = YES;
				GCC_WARN_UNINITIALIZED_AUTOS = YES_AGGRESSIVE;
				GCC_WARN_UNUSED_FUNCTION = YES;
				GCC_WARN_UNUSED_VARIABLE = YES;
				IPHONEOS_DEPLOYMENT_TARGET = 17.0;
				MARKETING_VERSION = 1.0;
				MTL_ENABLE_DEBUG_INFO = NO;
				MTL_FAST_MATH = YES;
				PRODUCT_NAME = "$(TARGET_NAME)";
				SDKROOT = iphoneos;
				SWIFT_COMPILATION_MODE = wholemodule;
				SWIFT_OPTIMIZATION_LEVEL = "-O";
				SWIFT_VERSION = 6.0;
			};
			name = Release;
		};
/* End XCBuildConfiguration section */

/* Begin XCConfigurationList section */
		03BBC56BB46EBA1ED6602B48 /* Build configuration list for PBXNativeTarget "GravitileUITests" */ = {
			isa = XCConfigurationList;
			buildConfigurations = (
				44F6DDE02173B775232A07D4 /* Debug */,
				BFAF9A7E4B7A7B227092AF1F /* Release */,
			);
			defaultConfigurationIsVisible = 0;
			defaultConfigurationName = Debug;
		};
		1D259454CC40A20A158F964C /* Build configuration list for PBXNativeTarget "GravitileTests" */ = {
			isa = XCConfigurationList;
			buildConfigurations = (
				50E4EF9F2E46E56683DFEE2B /* Debug */,
				A9846238EE357880B0FD0872 /* Release */,
			);
			defaultConfigurationIsVisible = 0;
			defaultConfigurationName = Debug;
		};
		56BFFC886FB76845562504E4 /* Build configuration list for PBXNativeTarget "Gravitile" */ = {
			isa = XCConfigurationList;
			buildConfigurations = (
				7E0C5202B80539C1488E1603 /* Debug */,
				15AA5AA110163218C935C0E2 /* Release */,
			);
			defaultConfigurationIsVisible = 0;
			defaultConfigurationName = Debug;
		};
		C2CA72FE6C1FFC1F167736C9 /* Build configuration list for PBXProject "Gravitile" */ = {
			isa = XCConfigurationList;
			buildConfigurations = (
				0BF86502F04F7010A3D18243 /* Debug */,
				E840173B6288B435866D0047 /* Release */,
			);
			defaultConfigurationIsVisible = 0;
			defaultConfigurationName = Debug;
		};
/* End XCConfigurationList section */

/* Begin XCLocalSwiftPackageReference section */
		8FEB1F4A183EBC1454147092 /* XCLocalSwiftPackageReference "GravitileKit" */ = {
			isa = XCLocalSwiftPackageReference;
			relativePath = GravitileKit;
		};
/* End XCLocalSwiftPackageReference section */

/* Begin XCSwiftPackageProductDependency section */
		7424C563A3E0F4B4C00C806C /* GravitileKit */ = {
			isa = XCSwiftPackageProductDependency;
			productName = GravitileKit;
		};
/* End XCSwiftPackageProductDependency section */
	};
	rootObject = DE9C05E9125249964F44BE02 /* Project object */;
}
