// !$*UTF8*$!
{
	archiveVersion = 1;
	classes = {
	};
	objectVersion = 77;
	objects = {

/* Begin PBXBuildFile section */
		1824788065F95A07C77E6AFD /* Assets.xcassets in Resources */ = {isa = PBXBuildFile; fileRef = 2129DFDBBAF07E2C41A723BF /* Assets.xcassets */; };
		29488B54E94805519FBFAAAD /* GravitileKit in Frameworks */ = {isa = PBXBuildFile; productRef = 7424C563A3E0F4B4C00C806C /* GravitileKit */; };
		593DFAE3F889E6DC7DBB84F0 /* GravitileUITests.swift in Sources */ = {isa = PBXBuildFile; fileRef = B16951E6477320C328C1ED34 /* GravitileUITests.swift */; };
		D1819C9393DEA3F3F19ACEDD /* RootView.swift in Sources */ = {isa = PBXBuildFile; fileRef = 146127D215B2EC3AD6D1B728 /* RootView.swift */; };
		D3A7D3E19545A0189C7F7820 /* GravitileApp.swift in Sources */ = {isa = PBXBuildFile; fileRef = 93A29F95D9F8E13ADFA8F1E8 /* GravitileApp.swift */; };
/* End PBXBuildFile section */

/* Begin PBXContainerItemProxy section */
		7CD91F902A52E36925FAB9D2 /* PBXContainerItemProxy */ = {
			isa = PBXContainerItemProxy;
			containerPortal = DE9C05E9125249964F44BE02 /* Project object */;
			proxyType = 1;
			remoteGlobalIDString = CD5BA31D3DB979C3D10ADA57;
			remoteInfo = Gravitile;
		};
/* End PBXContainerItemProxy section */

/* Begin PBXFileReference section */
		146127D215B2EC3AD6D1B728 /* RootView.swift */ = {isa = PBXFileReference; lastKnownFileType = sourcecode.swift; path = RootView.swift; sourceTree = "<group>"; };
		2129DFDBBAF07E2C41A723BF /* Assets.xcassets */ = {isa = PBXFileReference; lastKnownFileType = folder.assetcatalog; path = Assets.xcassets; sourceTree = "<group>"; };
		2D46DC52DCD6BC9E1E21192D /* GravitileKit */ = {isa = PBXFileReference; lastKnownFileType = folder; name = GravitileKit; path = GravitileKit; sourceTree = SOURCE_ROOT; };
		39EF0C5DA84C56EDBB919058 /* Gravitile.app */ = {isa = PBXFileReference; includeInIndex = 0; lastKnownFileType = wrapper.application; path = Gravitile.app; sourceTree = BUILT_PRODUCTS_DIR; };
		93A29F95D9F8E13ADFA8F1E8 /* GravitileApp.swift */ = {isa = PBXFileReference; lastKnownFileType = sourcecode.swift; path = GravitileApp.swift; sourceTree = "<group>"; };
		B16951E6477320C328C1ED34 /* GravitileUITests.swift */ = {isa = PBXFileReference; lastKnownFileType = sourcecode.swift; path = GravitileUITests.swift; sourceTree = "<group>"; };
		C47D0C813A0CB8F38AC6CCF4 /* GravitileUITests.xctest */ = {isa = PBXFileReference; includeInIndex = 0; lastKnownFileType = wrapper.cfbundle; path = GravitileUITests.xctest; sourceTree = BUILT_PRODUCTS_DIR; };
/* End PBXFileReference section */

/* Begin PBXFrameworksBuildPhase section */
		ED86E92A32326980BF893299 /* Frameworks */ = {
			isa = PBXFrameworksBuildPhase;
			buildActionMask = 2147483647;
			files = (
				29488B54E94805519FBFAAAD /* GravitileKit in Frameworks */,
			);
			runOnlyForDeploymentPostprocessing = 0;
		};
/* End PBXFrameworksBuildPhase section */

/* Begin PBXGroup section */
		0DFABA1042562A37AA0F760E /* Resources */ = {
			isa = PBXGroup;
			children = (
				2129DFDBBAF07E2C41A723BF /* Assets.xcassets */,
			);
			path = Resources;
			sourceTree = "<group>";
		};
		12FF2A47216CA99101390C6D /* App */ = {
			isa = PBXGroup;
			children = (
				93A29F95D9F8E13ADFA8F1E8 /* GravitileApp.swift */,
				146127D215B2EC3AD6D1B728 /* RootView.swift */,
			);
			path = App;
			sourceTree = "<group>";
		};
		60B70AA711C5FCD0DA02BB05 = {
			isa = PBXGroup;
			children = (
				F220C043258D366A32FC5E02 /* Gravitile */,
				E70D8C2269DD7FF253D1340C /* GravitileUITests */,
				6CAACA2D5C184F7526791237 /* Packages */,
				CF5D1DF44D19B9D3411F760B /* Products */,
			);
			sourceTree = "<group>";
		};
		6CAACA2D5C184F7526791237 /* Packages */ = {
			isa = PBXGroup;
			children = (
				2D46DC52DCD6BC9E1E21192D /* GravitileKit */,
			);
			name = Packages;
			sourceTree = "<group>";
		};
		CF5D1DF44D19B9D3411F760B /* Products */ = {
			isa = PBXGroup;
			children = (
				39EF0C5DA84C56EDBB919058 /* Gravitile.app */,
				C47D0C813A0CB8F38AC6CCF4 /* GravitileUITests.xctest */,
			);
			name = Products;
			sourceTree = "<group>";
		};
		E70D8C2269DD7FF253D1340C /* GravitileUITests */ = {
			isa = PBXGroup;
			children = (
				B16951E6477320C328C1ED34 /* GravitileUITests.swift */,
			);
			path = GravitileUITests;
			sourceTree = "<group>";
		};
		F220C043258D366A32FC5E02 /* Gravitile */ = {
			isa = PBXGroup;
			children = (
				12FF2A47216CA99101390C6D /* App */,
				0DFABA1042562A37AA0F760E /* Resources */,
			);
			path = Gravitile;
			sourceTree = "<group>";
		};
/* End PBXGroup section */

/* Begin PBXNativeTarget section */
		84839E5226DF9EA76810EF80 /* GravitileUITests */ = {
			isa = PBXNativeTarget;
			buildConfigurationList = 03BBC56BB46EBA1ED6602B48 /* Build configuration list for PBXNativeTarget "GravitileUITests" */;
			buildPhases = (
				E3B227517F1002BB5FA86208 /* Sources */,
			);
			buildRules = (
			);
			dependencies = (
				5EE58A438372C3DBD8CC94A8 /* PBXTargetDependency */,
			);
			name = GravitileUITests;
			packageProductDependencies = (
			);
			productName = GravitileUITests;
			productReference = C47D0C813A0CB8F38AC6CCF4 /* GravitileUITests.xctest */;
			productType = "com.apple.product-type.bundle.ui-testing";
		};
		CD5BA31D3DB979C3D10ADA57 /* Gravitile */ = {
			isa = PBXNativeTarget;
			buildConfigurationList = 56BFFC886FB76845562504E4 /* Build configuration list for PBXNativeTarget "Gravitile" */;
			buildPhases = (
				7B73237495B21C085F073149 /* Sources */,
				DA575D280E5539B59E5455B1 /* Resources */,
				ED86E92A32326980BF893299 /* Frameworks */,
			);
			buildRules = (
			);
			dependencies = (
			);
			name = Gravitile;
			packageProductDependencies = (
				7424C563A3E0F4B4C00C806C /* GravitileKit */,
			);
			productName = Gravitile;
			productReference = 39EF0C5DA84C56EDBB919058 /* Gravitile.app */;
			productType = "com.apple.product-type.application";
		};
/* End PBXNativeTarget section */

/* Begin PBXProject section */
		DE9C05E9125249964F44BE02 /* Project object */ = {
			isa = PBXProject;
			attributes = {
				BuildIndependentTargetsInParallel = YES;
				LastUpgradeCheck = 1430;
				TargetAttributes = {
					84839E5226DF9EA76810EF80 = {
						TestTargetID = CD5BA31D3DB979C3D10ADA57;
					};
				};
			};
			buildConfigurationList = C2CA72FE6C1FFC1F167736C9 /* Build configuration list for PBXProject "Gravitile" */;
			compatibilityVersion = "Xcode 14.0";
			developmentRegion = en;
			hasScannedForEncodings = 0;
			knownRegions = (
				Base,
				en,
			);
			mainGroup = 60B70AA711C5FCD0DA02BB05;
			minimizedProjectReferenceProxies = 1;
			packageReferences = (
				8FEB1F4A183EBC1454147092 /* XCLocalSwiftPackageReference "GravitileKit" */,
			);
			preferredProjectObjectVersion = 77;
			projectDirPath = "";
			projectRoot = "";
			targets = (
				CD5BA31D3DB979C3D10ADA57 /* Gravitile */,
				84839E5226DF9EA76810EF80 /* GravitileUITests */,
			);
		};
/* End PBXProject section */

/* Begin PBXResourcesBuildPhase section */
		DA575D280E5539B59E5455B1 /* Resources */ = {
			isa = PBXResourcesBuildPhase;
			buildActionMask = 2147483647;
			files = (
				1824788065F95A07C77E6AFD /* Assets.xcassets in Resources */,
			);
			runOnlyForDeploymentPostprocessing = 0;
		};
/* End PBXResourcesBuildPhase section */

/* Begin PBXSourcesBuildPhase section */
		7B73237495B21C085F073149 /* Sources */ = {
			isa = PBXSourcesBuildPhase;
			buildActionMask = 2147483647;
			files = (
				D3A7D3E19545A0189C7F7820 /* GravitileApp.swift in Sources */,
				D1819C9393DEA3F3F19ACEDD /* RootView.swift in Sources */,
			);
			runOnlyForDeploymentPostprocessing = 0;
		};
		E3B227517F1002BB5FA86208 /* Sources */ = {
			isa = PBXSourcesBuildPhase;
			buildActionMask = 2147483647;
			files = (
				593DFAE3F889E6DC7DBB84F0 /* GravitileUITests.swift in Sources */,
			);
			runOnlyForDeploymentPostprocessing = 0;
		};
/* End PBXSourcesBuildPhase section */

/* Begin PBXTargetDependency section */
		5EE58A438372C3DBD8CC94A8 /* PBXTargetDependency */ = {
			isa = PBXTargetDependency;
			target = CD5BA31D3DB979C3D10ADA57 /* Gravitile */;
			targetProxy = 7CD91F902A52E36925FAB9D2 /* PBXContainerItemProxy */;
		};
/* End PBXTargetDependency section */

/* Begin XCBuildConfiguration section */
		0BF86502F04F7010A3D18243 /* Debug */ = {
			isa = XCBuildConfiguration;
			buildSettings = {
				ALWAYS_SEARCH_USER_PATHS = NO;
				CLANG_ANALYZER_NONNULL = YES;
				CLANG_ANALYZER_NUMBER_OBJECT_CONVERSION = YES_AGGRESSIVE;
				CLANG_CXX_LANGUAGE_STANDARD = "gnu++14";
				CLANG_CXX_LIBRARY = "libc++";
				CLANG_ENABLE_MODULES = YES;
				CLANG_ENABLE_OBJC_ARC = YES;
				CLANG_ENABLE_OBJC_WEAK = YES;
				CLANG_WARN_BLOCK_CAPTURE_AUTORELEASING = YES;
				CLANG_WARN_BOOL_CONVERSION = YES;
				CLANG_WARN_COMMA = YES;
				CLANG_WARN_CONSTANT_CONVERSION = YES;
				CLANG_WARN_DEPRECATED_OBJC_IMPLEMENTATIONS = YES;
				CLANG_WARN_DIRECT_OBJC_ISA_USAGE = YES_ERROR;
				CLANG_WARN_DOCUMENTATION_COMMENTS = YES;
				CLANG_WARN_EMPTY_BODY = YES;
				CLANG_WARN_ENUM_CONVERSION = YES;
				CLANG_WARN_INFINITE_RECURSION = YES;
				CLANG_WARN_INT_CONVERSION = YES;
				CLANG_WARN_NON_LITERAL_NULL_CONVERSION = YES;
				CLANG_WARN_OBJC_IMPLICIT_RETAIN_SELF = YES;
				CLANG_WARN_OBJC_LITERAL_CONVERSION = YES;
				CLANG_WARN_OBJC_ROOT_CLASS = YES_ERROR;
				CLANG_WARN_QUOTED_INCLUDE_IN_FRAMEWORK_HEADER = YES;
				CLANG_WARN_RANGE_LOOP_ANALYSIS = YES;
				CLANG_WARN_STRICT_PROTOTYPES = YES;
				CLANG_WARN_SUSPICIOUS_MOVE = YES;
				CLANG_WARN_UNGUARDED_AVAILABILITY = YES_AGGRESSIVE;
				CLANG_WARN_UNREACHABLE_CODE = YES;
				CLANG_WARN__DUPLICATE_METHOD_MATCH = YES;
				COPY_PHASE_STRIP = NO;
				CURRENT_PROJECT_VERSION = 1;
				DEBUG_INFORMATION_FORMAT = dwarf;
				ENABLE_STRICT_OBJC_MSGSEND = YES;
				ENABLE_TESTABILITY = YES;
				GCC_C_LANGUAGE_STANDARD = gnu11;
				GCC_DYNAMIC_NO_PIC = NO;
				GCC_NO_COMMON_BLOCKS = YES;
				GCC_OPTIMIZATION_LEVEL = 0;
				GCC_PREPROCESSOR_DEFINITIONS = (
					"$(inherited)",
					"DEBUG=1",
				);
				GCC_WARN_64_TO_32_BIT_CONVERSION = YES;
				GCC_WARN_ABOUT_RETURN_TYPE = YES_ERROR;
				GCC_WARN_UNDECLARED_SELECTOR = YES;
				GCC_WARN_UNINITIALIZED_AUTOS = YES_AGGRESSIVE;
				GCC_WARN_UNUSED_FUNCTION = YES;
				GCC_WARN_UNUSED_VARIABLE = YES;
				GENERATE_INFOPLIST_FILE = YES;
				INFOPLIST_KEY_UILaunchScreen_Generation = YES;
				INFOPLIST_KEY_UISupportedInterfaceOrientations = UIInterfaceOrientationPortrait;
				IPHONEOS_DEPLOYMENT_TARGET = 17.0;
				MARKETING_VERSION = 1.0.0;
				MTL_ENABLE_DEBUG_INFO = INCLUDE_SOURCE;
				MTL_FAST_MATH = YES;
				ONLY_ACTIVE_ARCH = YES;
				PRODUCT_NAME = "$(TARGET_NAME)";
				SDKROOT = iphoneos;
				SWIFT_ACTIVE_COMPILATION_CONDITIONS = DEBUG;
				SWIFT_OPTIMIZATION_LEVEL = "-Onone";
				SWIFT_VERSION = 6.0;
				TARGETED_DEVICE_FAMILY = 1;
			};
			name = Debug;
		};
		15AA5AA110163218C935C0E2 /* Release */ = {
			isa = XCBuildConfiguration;
			buildSettings = {
				ASSETCATALOG_COMPILER_APPICON_NAME = AppIcon;
				ASSETCATALOG_COMPILER_GLOBAL_ACCENT_COLOR_NAME = AccentColor;
				CODE_SIGN_IDENTITY = "iPhone Developer";
				INFOPLIST_KEY_CFBundleDisplayName = Gravitile;
				LD_RUNPATH_SEARCH_PATHS = (
					"$(inherited)",
					"@executable_path/Frameworks",
				);
				PRODUCT_BUNDLE_IDENTIFIER = com.flutterly.gravitile;
				SDKROOT = iphoneos;
				TARGETED_DEVICE_FAMILY = "1,2";
			};
			name = Release;
		};
		44F6DDE02173B775232A07D4 /* Debug */ = {
			isa = XCBuildConfiguration;
			buildSettings = {
				BUNDLE_LOADER = "$(TEST_HOST)";
				LD_RUNPATH_SEARCH_PATHS = (
					"$(inherited)",
					"@executable_path/Frameworks",
					"@loader_path/Frameworks",
				);
				PRODUCT_BUNDLE_IDENTIFIER = com.flutterly.GravitileUITests;
				SDKROOT = iphoneos;
				TARGETED_DEVICE_FAMILY = "1,2";
				TEST_TARGET_NAME = Gravitile;
			};
			name = Debug;
		};
		7E0C5202B80539C1488E1603 /* Debug */ = {
			isa = XCBuildConfiguration;
			buildSettings = {
				ASSETCATALOG_COMPILER_APPICON_NAME = AppIcon;
				ASSETCATALOG_COMPILER_GLOBAL_ACCENT_COLOR_NAME = AccentColor;
				CODE_SIGN_IDENTITY = "iPhone Developer";
				INFOPLIST_KEY_CFBundleDisplayName = Gravitile;
				LD_RUNPATH_SEARCH_PATHS = (
					"$(inherited)",
					"@executable_path/Frameworks",
				);
				PRODUCT_BUNDLE_IDENTIFIER = com.flutterly.gravitile;
				SDKROOT = iphoneos;
				TARGETED_DEVICE_FAMILY = "1,2";
			};
			name = Debug;
		};
		BFAF9A7E4B7A7B227092AF1F /* Release */ = {
			isa = XCBuildConfiguration;
			buildSettings = {
				BUNDLE_LOADER = "$(TEST_HOST)";
				LD_RUNPATH_SEARCH_PATHS = (
					"$(inherited)",
					"@executable_path/Frameworks",
					"@loader_path/Frameworks",
				);
				PRODUCT_BUNDLE_IDENTIFIER = com.flutterly.GravitileUITests;
				SDKROOT = iphoneos;
				TARGETED_DEVICE_FAMILY = "1,2";
				TEST_TARGET_NAME = Gravitile;
			};
			name = Release;
		};
		E840173B6288B435866D0047 /* Release */ = {
			isa = XCBuildConfiguration;
			buildSettings = {
				ALWAYS_SEARCH_USER_PATHS = NO;
				CLANG_ANALYZER_NONNULL = YES;
				CLANG_ANALYZER_NUMBER_OBJECT_CONVERSION = YES_AGGRESSIVE;
				CLANG_CXX_LANGUAGE_STANDARD = "gnu++14";
				CLANG_CXX_LIBRARY = "libc++";
				CLANG_ENABLE_MODULES = YES;
				CLANG_ENABLE_OBJC_ARC = YES;
				CLANG_ENABLE_OBJC_WEAK = YES;
				CLANG_WARN_BLOCK_CAPTURE_AUTORELEASING = YES;
				CLANG_WARN_BOOL_CONVERSION = YES;
				CLANG_WARN_COMMA = YES;
				CLANG_WARN_CONSTANT_CONVERSION = YES;
				CLANG_WARN_DEPRECATED_OBJC_IMPLEMENTATIONS = YES;
				CLANG_WARN_DIRECT_OBJC_ISA_USAGE = YES_ERROR;
				CLANG_WARN_DOCUMENTATION_COMMENTS = YES;
				CLANG_WARN_EMPTY_BODY = YES;
				CLANG_WARN_ENUM_CONVERSION = YES;
				CLANG_WARN_INFINITE_RECURSION = YES;
				CLANG_WARN_INT_CONVERSION = YES;
				CLANG_WARN_NON_LITERAL_NULL_CONVERSION = YES;
				CLANG_WARN_OBJC_IMPLICIT_RETAIN_SELF = YES;
				CLANG_WARN_OBJC_LITERAL_CONVERSION = YES;
				CLANG_WARN_OBJC_ROOT_CLASS = YES_ERROR;
				CLANG_WARN_QUOTED_INCLUDE_IN_FRAMEWORK_HEADER = YES;
				CLANG_WARN_RANGE_LOOP_ANALYSIS = YES;
				CLANG_WARN_STRICT_PROTOTYPES = YES;
				CLANG_WARN_SUSPICIOUS_MOVE = YES;
				CLANG_WARN_UNGUARDED_AVAILABILITY = YES_AGGRESSIVE;
				CLANG_WARN_UNREACHABLE_CODE = YES;
				CLANG_WARN__DUPLICATE_METHOD_MATCH = YES;
				COPY_PHASE_STRIP = NO;
				CURRENT_PROJECT_VERSION = 1;
				DEBUG_INFORMATION_FORMAT = "dwarf-with-dsym";
				ENABLE_NS_ASSERTIONS = NO;
				ENABLE_STRICT_OBJC_MSGSEND = YES;
				GCC_C_LANGUAGE_STANDARD = gnu11;
				GCC_NO_COMMON_BLOCKS = YES;
				GCC_WARN_64_TO_32_BIT_CONVERSION = YES;
				GCC_WARN_ABOUT_RETURN_TYPE = YES_ERROR;
				GCC_WARN_UNDECLARED_SELECTOR = YES;
				GCC_WARN_UNINITIALIZED_AUTOS = YES_AGGRESSIVE;
				GCC_WARN_UNUSED_FUNCTION = YES;
				GCC_WARN_UNUSED_VARIABLE = YES;
				GENERATE_INFOPLIST_FILE = YES;
				INFOPLIST_KEY_UILaunchScreen_Generation = YES;
				INFOPLIST_KEY_UISupportedInterfaceOrientations = UIInterfaceOrientationPortrait;
				IPHONEOS_DEPLOYMENT_TARGET = 17.0;
				MARKETING_VERSION = 1.0.0;
				MTL_ENABLE_DEBUG_INFO = NO;
				MTL_FAST_MATH = YES;
				PRODUCT_NAME = "$(TARGET_NAME)";
				SDKROOT = iphoneos;
				SWIFT_COMPILATION_MODE = wholemodule;
				SWIFT_OPTIMIZATION_LEVEL = "-O";
				SWIFT_VERSION = 6.0;
				TARGETED_DEVICE_FAMILY = 1;
			};
			name = Release;
		};
/* End XCBuildConfiguration section */

/* Begin XCConfigurationList section */
		03BBC56BB46EBA1ED6602B48 /* Build configuration list for PBXNativeTarget "GravitileUITests" */ = {
			isa = XCConfigurationList;
			buildConfigurations = (
				44F6DDE02173B775232A07D4 /* Debug */,
				BFAF9A7E4B7A7B227092AF1F /* Release */,
			);
			defaultConfigurationIsVisible = 0;
			defaultConfigurationName = Debug;
		};
		56BFFC886FB76845562504E4 /* Build configuration list for PBXNativeTarget "Gravitile" */ = {
			isa = XCConfigurationList;
			buildConfigurations = (
				7E0C5202B80539C1488E1603 /* Debug */,
				15AA5AA110163218C935C0E2 /* Release */,
			);
			defaultConfigurationIsVisible = 0;
			defaultConfigurationName = Debug;
		};
		C2CA72FE6C1FFC1F167736C9 /* Build configuration list for PBXProject "Gravitile" */ = {
			isa = XCConfigurationList;
			buildConfigurations = (
				0BF86502F04F7010A3D18243 /* Debug */,
				E840173B6288B435866D0047 /* Release */,
			);
			defaultConfigurationIsVisible = 0;
			defaultConfigurationName = Debug;
		};
/* End XCConfigurationList section */

/* Begin XCLocalSwiftPackageReference section */
		8FEB1F4A183EBC1454147092 /* XCLocalSwiftPackageReference "GravitileKit" */ = {
			isa = XCLocalSwiftPackageReference;
			relativePath = GravitileKit;
		};
/* End XCLocalSwiftPackageReference section */

/* Begin XCSwiftPackageProductDependency section */
		7424C563A3E0F4B4C00C806C /* GravitileKit */ = {
			isa = XCSwiftPackageProductDependency;
			productName = GravitileKit;
		};
/* End XCSwiftPackageProductDependency section */
	};
	rootObject = DE9C05E9125249964F44BE02 /* Project object */;
}
